
Microsoft Visual Studio Solution File, Format Version 12.00
# Visual Studio Version 16
VisualStudioVersion = 16.0.30717.126
MinimumVisualStudioVersion = 10.0.40219.1
Project("{FAE04EC0-301F-11D3-BF4B-00C04F79EFBC}") = "ISONORD", "ISONORD\ISONORD.csproj", "{7394F7EB-2793-461B-993E-89DFF24FBDDC}"
EndProject
Global
	GlobalSection(SolutionConfigurationPlatforms) = preSolution
		Debug|Any CPU = Debug|Any CPU
		Release|Any CPU = Release|Any CPU
	EndGlobalSection
	GlobalSection(ProjectConfigurationPlatforms) = postSolution
		{7394F7EB-2793-461B-993E-89DFF24FBDDC}.Debug|Any CPU.ActiveCfg = Debug|Any CPU
		{7394F7EB-2793-461B-993E-89DFF24FBDDC}.Debug|Any CPU.Build.0 = Debug|Any CPU
		{7394F7EB-2793-461B-993E-89DFF24FBDDC}.Release|Any CPU.ActiveCfg = Release|Any CPU
		{7394F7EB-2793-461B-993E-89DFF24FBDDC}.Release|Any CPU.Build.0 = Release|Any CPU
	EndGlobalSection
	GlobalSection(SolutionProperties) = preSolution
		HideSolutionNode = FALSE
	EndGlobalSection
	GlobalSection(ExtensibilityGlobals) = postSolution
		SolutionGuid = {BFF98279-8971-41A8-8CA6-7C072CA18DB5}
	EndGlobalSection
EndGlobal
